
Microsoft Visual Studio Solution File, Format Version 12.00
# Visual Studio Version 16
VisualStudioVersion = 16.0.31515.178
MinimumVisualStudioVersion = 10.0.40219.1
Project("{FAE04EC0-301F-11D3-BF4B-00C04F79EFBC}") = "FaixaDeCorResistor", "FaixaDeCorResistor.csproj", "{A7365556-C859-47C6-AE23-22C1F72844CA}"
EndProject
Global
	GlobalSection(SolutionConfigurationPlatforms) = preSolution
		Debug|Any CPU = Debug|Any CPU
		Release|Any CPU = Release|Any CPU
	EndGlobalSection
	GlobalSection(ProjectConfigurationPlatforms) = postSolution
		{A7365556-C859-47C6-AE23-22C1F72844CA}.Debug|Any CPU.ActiveCfg = Debug|Any CPU
		{A7365556-C859-47C6-AE23-22C1F72844CA}.Debug|Any CPU.Build.0 = Debug|Any CPU
		{A7365556-C859-47C6-AE23-22C1F72844CA}.Release|Any CPU.ActiveCfg = Release|Any CPU
		{A7365556-C859-47C6-AE23-22C1F72844CA}.Release|Any CPU.Build.0 = Release|Any CPU
	EndGlobalSection
	GlobalSection(SolutionProperties) = preSolution
		HideSolutionNode = FALSE
	EndGlobalSection
	GlobalSection(ExtensibilityGlobals) = postSolution
		SolutionGuid = {A21F2E97-4C69-410F-A0B4-9F3841FB48F2}
	EndGlobalSection
EndGlobal
